sh 
Microsoft Visual Studio Solution File, Format Version 12.00
# Visual Studio Version 17
VisualStudioVersion = 17.5.2.0
MinimumVisualStudioVersion = 10.0.40219.1
Project("{2150E333-8FDC-42A3-9474-1A3956D46DE8}") = "backend", "backend", "{1AE8ACA6-933B-BF2A-3671-3E2EAC007D16}"
EndProject
Project("{FAE04EC0-301F-11D3-BF4B-00C04F79EFBC}") = "Matchmaker", "backend\Matchmaker.csproj", "{E677C7B0-E14E-83A0-2182-E2FE84237F3C}"
EndProject
Project("{FAE04EC0-301F-11D3-BF4B-00C04F79EFBC}") = "Matchmaker.Tests", "backend\Matchmaker.Tests.csproj", "{F4C098BF-8CDE-4BF4-A99B-5A8A5939274B}"
EndProject
Global
	GlobalSection(SolutionConfigurationPlatforms) = preSolution
		Debug|Any CPU = Debug|Any CPU
		Debug|x64 = Debug|x64
		Debug|x86 = Debug|x86
		Release|Any CPU = Release|Any CPU
		Release|x64 = Release|x64
		Release|x86 = Release|x86
	EndGlobalSection
	GlobalSection(ProjectConfigurationPlatforms) = postSolution
		{E677C7B0-E14E-83A0-2182-E2FE84237F3C}.Debug|Any CPU.ActiveCfg = Debug|Any CPU
		{E677C7B0-E14E-83A0-2182-E2FE84237F3C}.Debug|Any CPU.Build.0 = Debug|Any CPU
		{E677C7B0-E14E-83A0-2182-E2FE84237F3C}.Debug|x64.ActiveCfg = Debug|Any CPU
		{E677C7B0-E14E-83A0-2182-E2FE84237F3C}.Debug|x64.Build.0 = Debug|Any CPU
		{E677C7B0-E14E-83A0-2182-E2FE84237F3C}.Debug|x86.ActiveCfg = Debug|Any CPU
		{E677C7B0-E14E-83A0-2182-E2FE84237F3C}.Debug|x86.Build.0 = Debug|Any CPU
		{E677C7B0-E14E-83A0-2182-E2FE84237F3C}.Release|Any CPU.ActiveCfg = Release|Any CPU
		{E677C7B0-E14E-83A0-2182-E2FE84237F3C}.Release|Any CPU.Build.0 = Release|Any CPU
		{E677C7B0-E14E-83A0-2182-E2FE84237F3C}.Release|x64.ActiveCfg = Release|Any CPU
		{E677C7B0-E14E-83A0-2182-E2FE84237F3C}.Release|x64.Build.0 = Release|Any CPU
		{E677C7B0-E14E-83A0-2182-E2FE84237F3C}.Release|x86.ActiveCfg = Release|Any CPU
		{E677C7B0-E14E-83A0-2182-E2FE84237F3C}.Release|x86.Build.0 = Release|Any CPU
		{F4C098BF-8CDE-4BF4-A99B-5A8A5939274B}.Debug|Any CPU.ActiveCfg = Debug|Any CPU
		{F4C098BF-8CDE-4BF4-A99B-5A8A5939274B}.Debug|Any CPU.Build.0 = Debug|Any CPU
		{F4C098BF-8CDE-4BF4-A99B-5A8A5939274B}.Debug|x64.ActiveCfg = Debug|Any CPU
		{F4C098BF-8CDE-4BF4-A99B-5A8A5939274B}.Debug|x64.Build.0 = Debug|Any CPU
		{F4C098BF-8CDE-4BF4-A99B-5A8A5939274B}.Debug|x86.ActiveCfg = Debug|Any CPU
		{F4C098BF-8CDE-4BF4-A99B-5A8A5939274B}.Debug|x86.Build.0 = Debug|Any CPU
		{F4C098BF-8CDE-4BF4-A99B-5A8A5939274B}.Release|Any CPU.ActiveCfg = Release|Any CPU
		{F4C098BF-8CDE-4BF4-A99B-5A8A5939274B}.Release|Any CPU.Build.0 = Release|Any CPU
		{F4C098BF-8CDE-4BF4-A99B-5A8A5939274B}.Release|x64.ActiveCfg = Release|Any CPU
		{F4C098BF-8CDE-4BF4-A99B-5A8A5939274B}.Release|x64.Build.0 = Release|Any CPU
		{F4C098BF-8CDE-4BF4-A99B-5A8A5939274B}.Release|x86.ActiveCfg = Release|Any CPU
		{F4C098BF-8CDE-4BF4-A99B-5A8A5939274B}.Release|x86.Build.0 = Release|Any CPU
	EndGlobalSection
	GlobalSection(SolutionProperties) = preSolution
		HideSolutionNode = FALSE
	EndGlobalSection
	GlobalSection(NestedProjects) = preSolution
		{E677C7B0-E14E-83A0-2182-E2FE84237F3C} = {1AE8ACA6-933B-BF2A-3671-3E2EAC007D16}
		{F4C098BF-8CDE-4BF4-A99B-5A8A5939274B} = {1AE8ACA6-933B-BF2A-3671-3E2EAC007D16}
	EndGlobalSection
	GlobalSection(ExtensibilityGlobals) = postSolution
		SolutionGuid = {4306440C-6B58-435F-8A0F-E79DD8646C95}
	EndGlobalSection
EndGlobal
