
Microsoft Visual Studio Solution File, Format Version 12.00
# Visual Studio Version 17
VisualStudioVersion = 17.5.2.0
MinimumVisualStudioVersion = 10.0.40219.1
Project("{2150E333-8FDC-42A3-9474-1A3956D46DE8}") = "cli", "cli", "{342A349A-D343-8551-4064-2E2800C39E13}"
EndProject
Project("{2150E333-8FDC-42A3-9474-1A3956D46DE8}") = "shared", "shared", "{4F52FD11-658E-A102-6CD3-7D7C16FFA15B}"
EndProject
Project("{FAE04EC0-301F-11D3-BF4B-00C04F79EFBC}") = "Alfa.Cli", "cli\Alfa.Cli.csproj", "{50193717-7243-8B0C-015C-2513EC4F5023}"
EndProject
Project("{FAE04EC0-301F-11D3-BF4B-00C04F79EFBC}") = "Alfa.Shared", "shared\Alfa.Shared.csproj", "{8C94FB40-435C-0B34-0F1E-86C38AC89152}"
EndProject
Project("{2150E333-8FDC-42A3-9474-1A3956D46DE8}") = "app", "app", "{F95F473B-E98A-ACD6-1986-755F447BE36F}"
EndProject
Project("{2150E333-8FDC-42A3-9474-1A3956D46DE8}") = "desktop", "desktop", "{52630FA1-36E0-C328-1528-BFAED8A9199C}"
EndProject
Project("{FAE04EC0-301F-11D3-BF4B-00C04F79EFBC}") = "Alfa.Desktop", "app\desktop\Alfa.Desktop.csproj", "{8378B931-8178-4929-A54E-2EE3987AFAA3}"
EndProject
Project("{2150E333-8FDC-42A3-9474-1A3956D46DE8}") = "web", "web", "{256F4E96-6A73-9ABE-786F-840C672A50F4}"
EndProject
Project("{FAE04EC0-301F-11D3-BF4B-00C04F79EFBC}") = "Alfa.Web", "web\Alfa.Web.csproj", "{498317CA-3E8A-4B43-8F22-0AEB9A6134F8}"
EndProject
Global
	GlobalSection(SolutionConfigurationPlatforms) = preSolution
		Debug|Any CPU = Debug|Any CPU
		Debug|x64 = Debug|x64
		Debug|x86 = Debug|x86
		Release|Any CPU = Release|Any CPU
		Release|x64 = Release|x64
		Release|x86 = Release|x86
	EndGlobalSection
	GlobalSection(ProjectConfigurationPlatforms) = postSolution
		{50193717-7243-8B0C-015C-2513EC4F5023}.Debug|Any CPU.ActiveCfg = Debug|Any CPU
		{50193717-7243-8B0C-015C-2513EC4F5023}.Debug|Any CPU.Build.0 = Debug|Any CPU
		{50193717-7243-8B0C-015C-2513EC4F5023}.Debug|x64.ActiveCfg = Debug|Any CPU
		{50193717-7243-8B0C-015C-2513EC4F5023}.Debug|x64.Build.0 = Debug|Any CPU
		{50193717-7243-8B0C-015C-2513EC4F5023}.Debug|x86.ActiveCfg = Debug|Any CPU
		{50193717-7243-8B0C-015C-2513EC4F5023}.Debug|x86.Build.0 = Debug|Any CPU
		{50193717-7243-8B0C-015C-2513EC4F5023}.Release|Any CPU.ActiveCfg = Release|Any CPU
		{50193717-7243-8B0C-015C-2513EC4F5023}.Release|Any CPU.Build.0 = Release|Any CPU
		{50193717-7243-8B0C-015C-2513EC4F5023}.Release|x64.ActiveCfg = Release|Any CPU
		{50193717-7243-8B0C-015C-2513EC4F5023}.Release|x64.Build.0 = Release|Any CPU
		{50193717-7243-8B0C-015C-2513EC4F5023}.Release|x86.ActiveCfg = Release|Any CPU
		{50193717-7243-8B0C-015C-2513EC4F5023}.Release|x86.Build.0 = Release|Any CPU
		{8C94FB40-435C-0B34-0F1E-86C38AC89152}.Debug|Any CPU.ActiveCfg = Debug|Any CPU
		{8C94FB40-435C-0B34-0F1E-86C38AC89152}.Debug|Any CPU.Build.0 = Debug|Any CPU
		{8C94FB40-435C-0B34-0F1E-86C38AC89152}.Debug|x64.ActiveCfg = Debug|Any CPU
		{8C94FB40-435C-0B34-0F1E-86C38AC89152}.Debug|x64.Build.0 = Debug|Any CPU
		{8C94FB40-435C-0B34-0F1E-86C38AC89152}.Debug|x86.ActiveCfg = Debug|Any CPU
		{8C94FB40-435C-0B34-0F1E-86C38AC89152}.Debug|x86.Build.0 = Debug|Any CPU
		{8C94FB40-435C-0B34-0F1E-86C38AC89152}.Release|Any CPU.ActiveCfg = Release|Any CPU
		{8C94FB40-435C-0B34-0F1E-86C38AC89152}.Release|Any CPU.Build.0 = Release|Any CPU
		{8C94FB40-435C-0B34-0F1E-86C38AC89152}.Release|x64.ActiveCfg = Release|Any CPU
		{8C94FB40-435C-0B34-0F1E-86C38AC89152}.Release|x64.Build.0 = Release|Any CPU
		{8C94FB40-435C-0B34-0F1E-86C38AC89152}.Release|x86.ActiveCfg = Release|Any CPU
		{8C94FB40-435C-0B34-0F1E-86C38AC89152}.Release|x86.Build.0 = Release|Any CPU
		{8378B931-8178-4929-A54E-2EE3987AFAA3}.Debug|Any CPU.ActiveCfg = Debug|Any CPU
		{8378B931-8178-4929-A54E-2EE3987AFAA3}.Debug|Any CPU.Build.0 = Debug|Any CPU
		{8378B931-8178-4929-A54E-2EE3987AFAA3}.Debug|x64.ActiveCfg = Debug|Any CPU
		{8378B931-8178-4929-A54E-2EE3987AFAA3}.Debug|x64.Build.0 = Debug|Any CPU
		{8378B931-8178-4929-A54E-2EE3987AFAA3}.Debug|x86.ActiveCfg = Debug|Any CPU
		{8378B931-8178-4929-A54E-2EE3987AFAA3}.Debug|x86.Build.0 = Debug|Any CPU
		{8378B931-8178-4929-A54E-2EE3987AFAA3}.Release|Any CPU.ActiveCfg = Release|Any CPU
		{8378B931-8178-4929-A54E-2EE3987AFAA3}.Release|Any CPU.Build.0 = Release|Any CPU
		{8378B931-8178-4929-A54E-2EE3987AFAA3}.Release|x64.ActiveCfg = Release|Any CPU
		{8378B931-8178-4929-A54E-2EE3987AFAA3}.Release|x64.Build.0 = Release|Any CPU
		{8378B931-8178-4929-A54E-2EE3987AFAA3}.Release|x86.ActiveCfg = Release|Any CPU
		{8378B931-8178-4929-A54E-2EE3987AFAA3}.Release|x86.Build.0 = Release|Any CPU
		{498317CA-3E8A-4B43-8F22-0AEB9A6134F8}.Debug|Any CPU.ActiveCfg = Debug|Any CPU
		{498317CA-3E8A-4B43-8F22-0AEB9A6134F8}.Debug|Any CPU.Build.0 = Debug|Any CPU
		{498317CA-3E8A-4B43-8F22-0AEB9A6134F8}.Debug|x64.ActiveCfg = Debug|Any CPU
		{498317CA-3E8A-4B43-8F22-0AEB9A6134F8}.Debug|x64.Build.0 = Debug|Any CPU
		{498317CA-3E8A-4B43-8F22-0AEB9A6134F8}.Debug|x86.ActiveCfg = Debug|Any CPU
		{498317CA-3E8A-4B43-8F22-0AEB9A6134F8}.Debug|x86.Build.0 = Debug|Any CPU
		{498317CA-3E8A-4B43-8F22-0AEB9A6134F8}.Release|Any CPU.ActiveCfg = Release|Any CPU
		{498317CA-3E8A-4B43-8F22-0AEB9A6134F8}.Release|Any CPU.Build.0 = Release|Any CPU
		{498317CA-3E8A-4B43-8F22-0AEB9A6134F8}.Release|x64.ActiveCfg = Release|Any CPU
		{498317CA-3E8A-4B43-8F22-0AEB9A6134F8}.Release|x64.Build.0 = Release|Any CPU
		{498317CA-3E8A-4B43-8F22-0AEB9A6134F8}.Release|x86.ActiveCfg = Release|Any CPU
		{498317CA-3E8A-4B43-8F22-0AEB9A6134F8}.Release|x86.Build.0 = Release|Any CPU
	EndGlobalSection
	GlobalSection(SolutionProperties) = preSolution
		HideSolutionNode = FALSE
	EndGlobalSection
	GlobalSection(NestedProjects) = preSolution
		{50193717-7243-8B0C-015C-2513EC4F5023} = {342A349A-D343-8551-4064-2E2800C39E13}
		{8C94FB40-435C-0B34-0F1E-86C38AC89152} = {4F52FD11-658E-A102-6CD3-7D7C16FFA15B}
		{52630FA1-36E0-C328-1528-BFAED8A9199C} = {F95F473B-E98A-ACD6-1986-755F447BE36F}
		{8378B931-8178-4929-A54E-2EE3987AFAA3} = {52630FA1-36E0-C328-1528-BFAED8A9199C}
		{498317CA-3E8A-4B43-8F22-0AEB9A6134F8} = {256F4E96-6A73-9ABE-786F-840C672A50F4}
	EndGlobalSection
	GlobalSection(ExtensibilityGlobals) = postSolution
		SolutionGuid = {AF55BA86-06C0-4BBC-8409-7055B55E35EF}
	EndGlobalSection
EndGlobal
