{
  "version": 1,
  "dependencies": {
    "net8.0": {
      "Microsoft.Data.Sqlite": {
        "type": "Direct",
        "requested": "[8.0.4, )",
        "resolved": "8.0.4",
        "contentHash": "vgLm03wS+CfsolO7qk4KVuvt0CtzgdjKmoORuwxMmiIF1ow1JlOo1vwfDHfwXnGa5+QEbvOUy3169bBcHshfTg==",
        "dependencies": {
          "Microsoft.Data.Sqlite.Core": "8.0.4",
          "SQLitePCLRaw.bundle_e_sqlite3": "2.1.6"
        }
      },
      "Swashbuckle.AspNetCore": {
        "type": "Direct",
        "requested": "[6.6.1, )",
        "resolved": "6.6.1",
        "contentHash": "4mEIj8bEM2ChCioX6Yx4KjcFZwQuTzWYvjyzeavk0DMhP7bzx787aDCQFyMK9JMAcOnhri0mfrxRItpD6j4dcQ==",
        "dependencies": {
          "Microsoft.Extensions.ApiDescription.Server": "6.0.5",
          "Swashbuckle.AspNetCore.Swagger": "6.6.1",
          "Swashbuckle.AspNetCore.SwaggerGen": "6.6.1",
          "Swashbuckle.AspNetCore.SwaggerUI": "6.6.1"
        }
      },
      "Microsoft.Data.Sqlite.Core": {
        "type": "Transitive",
        "resolved": "8.0.4",
        "contentHash": "x5FE5m1h31UIDEk0j3r38HtYvsa0fxd5jXzvE/SARI7LecXt/jm4z2SUl6TEoJGQOo9Ow2wg3a0MU2E1TVVAdA==",
        "dependencies": {
          "SQLitePCLRaw.core": "2.1.6"
        }
      },
      "Microsoft.Extensions.ApiDescription.Server": {
        "type": "Transitive",
        "resolved": "6.0.5",
        "contentHash": "Ckb5EDBUNJdFWyajfXzUIMRkhf52fHZOQuuZg/oiu8y7zDCVwD0iHhew6MnThjHmevanpxL3f5ci2TtHQEN6bw=="
      },
      "Microsoft.OpenApi": {
        "type": "Transitive",
        "resolved": "1.6.14",
        "contentHash": "tTaBT8qjk3xINfESyOPE2rIellPvB7qpVqiWiyA/lACVvz+xOGiXhFUfohcx82NLbi5avzLW0lx+s6oAqQijfw=="
      },
      "SQLitePCLRaw.bundle_e_sqlite3": {
        "type": "Transitive",
        "resolved": "2.1.6",
        "contentHash": "BmAf6XWt4TqtowmiWe4/5rRot6GerAeklmOPfviOvwLoF5WwgxcJHAxZtySuyW9r9w+HLILnm8VfJFLCUJYW8A==",
        "dependencies": {
          "SQLitePCLRaw.lib.e_sqlite3": "2.1.6",
          "SQLitePCLRaw.provider.e_sqlite3": "2.1.6"
        }
      },
      "SQLitePCLRaw.core": {
        "type": "Transitive",
        "resolved": "2.1.6",
        "contentHash": "wO6v9GeMx9CUngAet8hbO7xdm+M42p1XeJq47ogyRoYSvNSp0NGLI+MgC0bhrMk9C17MTVFlLiN6ylyExLCc5w==",
        "dependencies": {
          "System.Memory": "4.5.3"
        }
      },
      "SQLitePCLRaw.lib.e_sqlite3": {
        "type": "Transitive",
        "resolved": "2.1.6",
        "contentHash": "2ObJJLkIUIxRpOUlZNGuD4rICpBnrBR5anjyfUFQep4hMOIeqW+XGQYzrNmHSVz5xSWZ3klSbh7sFR6UyDj68Q=="
      },
      "SQLitePCLRaw.provider.e_sqlite3": {
        "type": "Transitive",
        "resolved": "2.1.6",
        "contentHash": "PQ2Oq3yepLY4P7ll145P3xtx2bX8xF4PzaKPRpw9jZlKvfe4LE/saAV82inND9usn1XRpmxXk7Lal3MTI+6CNg==",
        "dependencies": {
          "SQLitePCLRaw.core": "2.1.6"
        }
      },
      "Swashbuckle.AspNetCore.Swagger": {
        "type": "Transitive",
        "resolved": "6.6.1",
        "contentHash": "99WcGbaHfLu26sPfWVqJvxXTmQaLE2qdCfceGwT0397X2kcuyD/nuegN2cLw6pQverijXks5LbV8vcA0xi0sSg==",
        "dependencies": {
          "Microsoft.OpenApi": "1.6.14"
        }
      },
      "Swashbuckle.AspNetCore.SwaggerGen": {
        "type": "Transitive",
        "resolved": "6.6.1",
        "contentHash": "Bw+cAg6EGSsbnT7aV13QXgd5pabDYH/GLNhlzB4Dq64IPEHaX2T51mVZ6yf8/aNHlS7vi31PH6qlWbfhaWqiqw==",
        "dependencies": {
          "Swashbuckle.AspNetCore.Swagger": "6.6.1"
        }
      },
      "Swashbuckle.AspNetCore.SwaggerUI": {
        "type": "Transitive",
        "resolved": "6.6.1",
        "contentHash": "a+nN88DS6OuzaPqwFox8nvEuvsrJFXW4NgzeRBUdGqLbUb1yTcIkuzUS3gbzPXC8HQ+NmbydeMRFudnNX2NKag=="
      },
      "System.Memory": {
        "type": "Transitive",
        "resolved": "4.5.3",
        "contentHash": "3oDzvc/zzetpTKWMShs1AADwZjQ/36HnsufHRPcOjyRAAMLDlu2iD33MBI2opxnezcVUtXyqDXXjoFMOU9c7SA=="
      },
      "alfa.shared": {
        "type": "Project"
      }
    }
  }
}